<Solution>
  <Folder Name="/Solution Items/">
    <File Path="README.md" />
  </Folder>
  <Project Path="examples/SandwichTracker/SandwichTracker.csproj" />
  <Project Path="src/AWise.IdentityAwareProxy/AWise.IdentityAwareProxy.csproj" />
  <Project Path="tests/UnitTests/AWise.IdentityAwareProxy.UnitTests.csproj" />
</Solution>
