# This file is machine-generated by `gh actions-lock`.
# Do not edit by hand; run `gh actions-lock` to update.
# Docs: https://gh.io/actions-lockfile
version: 'v0.0.2'
workflows:
    '.github/workflows/release.yml':
        - 'actions/checkout@v6.1.0'
        - 'actions/setup-dotnet@v5.4.0'
        - 'nuget/login@v1.2.0'
    '.github/workflows/test.yml':
        - 'actions/checkout@v6.1.0'
        - 'actions/setup-dotnet@v5.4.0'
dependencies:
    'actions/checkout@v6.1.0':
        ref: 'v6.1.0'
        commit: 'sha1-d23441a48e516b6c34aea4fa41551a30e30af803'
        owner_id: 44036562
        repo_id: 197814629
    'actions/setup-dotnet@v5.4.0':
        ref: 'v5.4.0'
        commit: 'sha1-26b0ec14cb23fa6904739307f278c14f94c95bf1'
        owner_id: 44036562
        repo_id: 192625306
    'nuget/login@v1.2.0':
        ref: 'v1.2.0'
        commit: 'sha1-8d196754b4036150537f80ac539e15c2f1028841'
        owner_id: 968310
        repo_id: 1037624552
